
Microsoft Visual Studio Solution File, Format Version 12.00
# Visual Studio Version 17
VisualStudioVersion = 17.14.36518.9
MinimumVisualStudioVersion = 10.0.40219.1
Project("{FAE04EC0-301F-11D3-BF4B-00C04F79EFBC}") = "RabbitMQDemo002-Consumer", "RabbitMQDemo002\RabbitMQDemo002-Consumer.csproj", "{D725B451-EBE9-4EED-85C6-E67AD9626E2A}"
EndProject
Project("{FAE04EC0-301F-11D3-BF4B-00C04F79EFBC}") = "RabbitMQProducer", "RabbitMQProducer\RabbitMQProducer.csproj", "{8457FDE6-5371-4137-8716-56A1624D085D}"
EndProject
Global
	GlobalSection(SolutionConfigurationPlatforms) = preSolution
		Debug|Any CPU = Debug|Any CPU
		Release|Any CPU = Release|Any CPU
	EndGlobalSection
	GlobalSection(ProjectConfigurationPlatforms) = postSolution
		{D725B451-EBE9-4EED-85C6-E67AD9626E2A}.Debug|Any CPU.ActiveCfg = Debug|Any CPU
		{D725B451-EBE9-4EED-85C6-E67AD9626E2A}.Debug|Any CPU.Build.0 = Debug|Any CPU
		{D725B451-EBE9-4EED-85C6-E67AD9626E2A}.Release|Any CPU.ActiveCfg = Release|Any CPU
		{D725B451-EBE9-4EED-85C6-E67AD9626E2A}.Release|Any CPU.Build.0 = Release|Any CPU
		{8457FDE6-5371-4137-8716-56A1624D085D}.Debug|Any CPU.ActiveCfg = Debug|Any CPU
		{8457FDE6-5371-4137-8716-56A1624D085D}.Debug|Any CPU.Build.0 = Debug|Any CPU
		{8457FDE6-5371-4137-8716-56A1624D085D}.Release|Any CPU.ActiveCfg = Release|Any CPU
		{8457FDE6-5371-4137-8716-56A1624D085D}.Release|Any CPU.Build.0 = Release|Any CPU
	EndGlobalSection
	GlobalSection(SolutionProperties) = preSolution
		HideSolutionNode = FALSE
	EndGlobalSection
	GlobalSection(ExtensibilityGlobals) = postSolution
		SolutionGuid = {46009999-4913-4522-A71F-72756F5033B7}
	EndGlobalSection
EndGlobal
